
Microsoft Visual Studio Solution File, Format Version 10.00
# Visual Studio 2008
Project("{FAE04EC0-301F-11D3-BF4B-00C04F79EFBC}") = "Hanhua", "EncodeFenxi\Hanhua.csproj", "{C41003C0-E945-4ECE-8020-2CBFE04B5B43}"
EndProject
Project("{FAE04EC0-301F-11D3-BF4B-00C04F79EFBC}") = "IsoTools", "IsoTools\IsoTools.csproj", "{218343D5-EF4C-4E09-BA7B-F7EC7793CB2D}"
EndProject
Project("{FAE04EC0-301F-11D3-BF4B-00C04F79EFBC}") = "Common", "Common\Common.csproj", "{006DCF31-D7F3-4AD3-8037-6BC11FD1AA34}"
EndProject
Project("{FAE04EC0-301F-11D3-BF4B-00C04F79EFBC}") = "FraGag.Compression.Prs", "FraGag.Compression.Prs\FraGag.Compression.Prs.csproj", "{EC8BB2B3-1975-41B9-8D59-3A6403271112}"
EndProject
Project("{FAE04EC0-301F-11D3-BF4B-00C04F79EFBC}") = "VrSharp", "VrSharp\VrSharp.csproj", "{A8E274F4-0D8E-4EAB-A5B2-7B40BC922534}"
EndProject
Project("{FAE04EC0-301F-11D3-BF4B-00C04F79EFBC}") = "PuyoTools.Modules", "PuyoTools.Modules\PuyoTools.Modules.csproj", "{E5D36FFB-A89F-4F4D-928C-87FC863B4C6C}"
EndProject
Global
	GlobalSection(SolutionConfigurationPlatforms) = preSolution
		Debug|Any CPU = Debug|Any CPU
		Release|Any CPU = Release|Any CPU
	EndGlobalSection
	GlobalSection(ProjectConfigurationPlatforms) = postSolution
		{C41003C0-E945-4ECE-8020-2CBFE04B5B43}.Debug|Any CPU.ActiveCfg = Debug|Any CPU
		{C41003C0-E945-4ECE-8020-2CBFE04B5B43}.Debug|Any CPU.Build.0 = Debug|Any CPU
		{C41003C0-E945-4ECE-8020-2CBFE04B5B43}.Release|Any CPU.ActiveCfg = Release|Any CPU
		{C41003C0-E945-4ECE-8020-2CBFE04B5B43}.Release|Any CPU.Build.0 = Release|Any CPU
		{218343D5-EF4C-4E09-BA7B-F7EC7793CB2D}.Debug|Any CPU.ActiveCfg = Debug|Any CPU
		{218343D5-EF4C-4E09-BA7B-F7EC7793CB2D}.Debug|Any CPU.Build.0 = Debug|Any CPU
		{218343D5-EF4C-4E09-BA7B-F7EC7793CB2D}.Release|Any CPU.ActiveCfg = Release|Any CPU
		{218343D5-EF4C-4E09-BA7B-F7EC7793CB2D}.Release|Any CPU.Build.0 = Release|Any CPU
		{006DCF31-D7F3-4AD3-8037-6BC11FD1AA34}.Debug|Any CPU.ActiveCfg = Debug|Any CPU
		{006DCF31-D7F3-4AD3-8037-6BC11FD1AA34}.Debug|Any CPU.Build.0 = Debug|Any CPU
		{006DCF31-D7F3-4AD3-8037-6BC11FD1AA34}.Release|Any CPU.ActiveCfg = Release|Any CPU
		{006DCF31-D7F3-4AD3-8037-6BC11FD1AA34}.Release|Any CPU.Build.0 = Release|Any CPU
		{EC8BB2B3-1975-41B9-8D59-3A6403271112}.Debug|Any CPU.ActiveCfg = Debug|Any CPU
		{EC8BB2B3-1975-41B9-8D59-3A6403271112}.Debug|Any CPU.Build.0 = Debug|Any CPU
		{EC8BB2B3-1975-41B9-8D59-3A6403271112}.Release|Any CPU.ActiveCfg = Release|Any CPU
		{EC8BB2B3-1975-41B9-8D59-3A6403271112}.Release|Any CPU.Build.0 = Release|Any CPU
		{A8E274F4-0D8E-4EAB-A5B2-7B40BC922534}.Debug|Any CPU.ActiveCfg = Debug|Any CPU
		{A8E274F4-0D8E-4EAB-A5B2-7B40BC922534}.Debug|Any CPU.Build.0 = Debug|Any CPU
		{A8E274F4-0D8E-4EAB-A5B2-7B40BC922534}.Release|Any CPU.ActiveCfg = Release|Any CPU
		{A8E274F4-0D8E-4EAB-A5B2-7B40BC922534}.Release|Any CPU.Build.0 = Release|Any CPU
		{E5D36FFB-A89F-4F4D-928C-87FC863B4C6C}.Debug|Any CPU.ActiveCfg = Debug|Any CPU
		{E5D36FFB-A89F-4F4D-928C-87FC863B4C6C}.Debug|Any CPU.Build.0 = Debug|Any CPU
		{E5D36FFB-A89F-4F4D-928C-87FC863B4C6C}.Release|Any CPU.ActiveCfg = Release|Any CPU
		{E5D36FFB-A89F-4F4D-928C-87FC863B4C6C}.Release|Any CPU.Build.0 = Release|Any CPU
	EndGlobalSection
	GlobalSection(SolutionProperties) = preSolution
		HideSolutionNode = FALSE
	EndGlobalSection
EndGlobal
